
Microsoft Visual Studio Solution File, Format Version 12.00
# Visual Studio Version 17
VisualStudioVersion = 17.1.32414.318
MinimumVisualStudioVersion = 10.0.40219.1
Project("{FAE04EC0-301F-11D3-BF4B-00C04F79EFBC}") = "GameWebStore", "GameWebStore\GameWebStore.csproj", "{8B3D0748-ECE9-432A-B601-94EFE3DED02E}"
EndProject
Global
	GlobalSection(SolutionConfigurationPlatforms) = preSolution
		Debug|Any CPU = Debug|Any CPU
		Release|Any CPU = Release|Any CPU
	EndGlobalSection
	GlobalSection(ProjectConfigurationPlatforms) = postSolution
		{8B3D0748-ECE9-432A-B601-94EFE3DED02E}.Debug|Any CPU.ActiveCfg = Debug|Any CPU
		{8B3D0748-ECE9-432A-B601-94EFE3DED02E}.Debug|Any CPU.Build.0 = Debug|Any CPU
		{8B3D0748-ECE9-432A-B601-94EFE3DED02E}.Release|Any CPU.ActiveCfg = Release|Any CPU
		{8B3D0748-ECE9-432A-B601-94EFE3DED02E}.Release|Any CPU.Build.0 = Release|Any CPU
	EndGlobalSection
	GlobalSection(SolutionProperties) = preSolution
		HideSolutionNode = FALSE
	EndGlobalSection
	GlobalSection(ExtensibilityGlobals) = postSolution
		SolutionGuid = {3E779AC8-CA3E-4B04-B6CF-A85DD4A39B4A}
	EndGlobalSection
EndGlobal
